
Microsoft Visual Studio Solution File, Format Version 12.00
# Visual Studio 15
VisualStudioVersion = 15.0.28307.421
MinimumVisualStudioVersion = 10.0.40219.1
Project("{FAE04EC0-301F-11D3-BF4B-00C04F79EFBC}") = "EquityManagement", "EquityManagement\EquityManagement.csproj", "{01BB4EB1-FE4B-45DA-A4AD-2F0C91064256}"
EndProject
Global
	GlobalSection(SolutionConfigurationPlatforms) = preSolution
		Debug|Any CPU = Debug|Any CPU
		Release|Any CPU = Release|Any CPU
	EndGlobalSection
	GlobalSection(ProjectConfigurationPlatforms) = postSolution
		{01BB4EB1-FE4B-45DA-A4AD-2F0C91064256}.Debug|Any CPU.ActiveCfg = Debug|Any CPU
		{01BB4EB1-FE4B-45DA-A4AD-2F0C91064256}.Debug|Any CPU.Build.0 = Debug|Any CPU
		{01BB4EB1-FE4B-45DA-A4AD-2F0C91064256}.Release|Any CPU.ActiveCfg = Release|Any CPU
		{01BB4EB1-FE4B-45DA-A4AD-2F0C91064256}.Release|Any CPU.Build.0 = Release|Any CPU
	EndGlobalSection
	GlobalSection(SolutionProperties) = preSolution
		HideSolutionNode = FALSE
	EndGlobalSection
	GlobalSection(ExtensibilityGlobals) = postSolution
		SolutionGuid = {A1DB6CB5-0978-45DE-81C7-E8870A5841A9}
	EndGlobalSection
EndGlobal
